// !$*UTF8*$!
{
	archiveVersion = 1;
	classes = {
	};
	objectVersion = 55;
	objects = {

/* Begin PBXBuildFile section */
		23A6949E274A540E0011BFCE /* WelcomeViewController.swift in Sources */ = {isa = PBXBuildFile; fileRef = 23A6949D274A540E0011BFCE /* WelcomeViewController.swift */; };
		23D20C182740490200927034 /* AppDelegate.swift in Sources */ = {isa = PBXBuildFile; fileRef = 23D20C172740490200927034 /* AppDelegate.swift */; };
		23D20C1A2740490200927034 /* SceneDelegate.swift in Sources */ = {isa = PBXBuildFile; fileRef = 23D20C192740490200927034 /* SceneDelegate.swift */; };
		23D20C1F2740490200927034 /* Main.storyboard in Resources */ = {isa = PBXBuildFile; fileRef = 23D20C1D2740490200927034 /* Main.storyboard */; };
		23D20C222740490200927034 /* Mascarad.xcdatamodeld in Sources */ = {isa = PBXBuildFile; fileRef = 23D20C202740490200927034 /* Mascarad.xcdatamodeld */; };
		23D20C242740490700927034 /* Assets.xcassets in Resources */ = {isa = PBXBuildFile; fileRef = 23D20C232740490700927034 /* Assets.xcassets */; };
		23D20C272740490700927034 /* LaunchScreen.storyboard in Resources */ = {isa = PBXBuildFile; fileRef = 23D20C252740490700927034 /* LaunchScreen.storyboard */; };
		23D20C2F274051C400927034 /* Model.swift in Sources */ = {isa = PBXBuildFile; fileRef = 23D20C2E274051C400927034 /* Model.swift */; };
		23D20C34274052F100927034 /* DataManager.swift in Sources */ = {isa = PBXBuildFile; fileRef = 23D20C33274052F100927034 /* DataManager.swift */; };
		23D20C39274055BF00927034 /* MembersTableViewController.swift in Sources */ = {isa = PBXBuildFile; fileRef = 23D20C38274055BF00927034 /* MembersTableViewController.swift */; };
		23D20C3B274055E100927034 /* FullTableViewController.swift in Sources */ = {isa = PBXBuildFile; fileRef = 23D20C3A274055E100927034 /* FullTableViewController.swift */; };
		23E29E78274447ED0002CD7E /* TapBarViewController.swift in Sources */ = {isa = PBXBuildFile; fileRef = 23E29E77274447ED0002CD7E /* TapBarViewController.swift */; };
		23E29E7A274451330002CD7E /* MaskViewController.swift in Sources */ = {isa = PBXBuildFile; fileRef = 23E29E79274451330002CD7E /* MaskViewController.swift */; };
/* End PBXBuildFile section */

/* Begin PBXFileReference section */
		23A6949D274A540E0011BFCE /* WelcomeViewController.swift */ = {isa = PBXFileReference; lastKnownFileType = sourcecode.swift; path = WelcomeViewController.swift; sourceTree = "<group>"; };
		23D20C142740490200927034 /* Mascarad.app */ = {isa = PBXFileReference; explicitFileType = wrapper.application; includeInIndex = 0; path = Mascarad.app; sourceTree = BUILT_PRODUCTS_DIR; };
		23D20C172740490200927034 /* AppDelegate.swift */ = {isa = PBXFileReference; lastKnownFileType = sourcecode.swift; path = AppDelegate.swift; sourceTree = "<group>"; };
		23D20C192740490200927034 /* SceneDelegate.swift */ = {isa = PBXFileReference; lastKnownFileType = sourcecode.swift; path = SceneDelegate.swift; sourceTree = "<group>"; };
		23D20C1E2740490200927034 /* Base */ = {isa = PBXFileReference; lastKnownFileType = file.storyboard; name = Base; path = Base.lproj/Main.storyboard; sourceTree = "<group>"; };
		23D20C212740490200927034 /* Mascarad.xcdatamodel */ = {isa = PBXFileReference; lastKnownFileType = wrapper.xcdatamodel; path = Mascarad.xcdatamodel; sourceTree = "<group>"; };
		23D20C232740490700927034 /* Assets.xcassets */ = {isa = PBXFileReference; lastKnownFileType = folder.assetcatalog; path = Assets.xcassets; sourceTree = "<group>"; };
		23D20C262740490700927034 /* Base */ = {isa = PBXFileReference; lastKnownFileType = file.storyboard; name = Base; path = Base.lproj/LaunchScreen.storyboard; sourceTree = "<group>"; };
		23D20C282740490700927034 /* Info.plist */ = {isa = PBXFileReference; lastKnownFileType = text.plist.xml; path = Info.plist; sourceTree = "<group>"; };
		23D20C2E274051C400927034 /* Model.swift */ = {isa = PBXFileReference; lastKnownFileType = sourcecode.swift; path = Model.swift; sourceTree = "<group>"; };
		23D20C33274052F100927034 /* DataManager.swift */ = {isa = PBXFileReference; lastKnownFileType = sourcecode.swift; path = DataManager.swift; sourceTree = "<group>"; };
		23D20C38274055BF00927034 /* MembersTableViewController.swift */ = {isa = PBXFileReference; lastKnownFileType = sourcecode.swift; path = MembersTableViewController.swift; sourceTree = "<group>"; };
		23D20C3A274055E100927034 /* FullTableViewController.swift */ = {isa = PBXFileReference; lastKnownFileType = sourcecode.swift; path = FullTableViewController.swift; sourceTree = "<group>"; };
		23E29E77274447ED0002CD7E /* TapBarViewController.swift */ = {isa = PBXFileReference; lastKnownFileType = sourcecode.swift; path = TapBarViewController.swift; sourceTree = "<group>"; };
		23E29E79274451330002CD7E /* MaskViewController.swift */ = {isa = PBXFileReference; lastKnownFileType = sourcecode.swift; path = MaskViewController.swift; sourceTree = "<group>"; };
/* End PBXFileReference section */

/* Begin PBXFrameworksBuildPhase section */
		23D20C112740490200927034 /* Frameworks */ = {
			isa = PBXFrameworksBuildPhase;
			buildActionMask = 2147483647;
			files = (
			);
			runOnlyForDeploymentPostprocessing = 0;
		};
/* End PBXFrameworksBuildPhase section */

/* Begin PBXGroup section */
		23D20C0B2740490200927034 = {
			isa = PBXGroup;
			children = (
				23E29E79274451330002CD7E /* MaskViewController.swift */,
				23D20C162740490200927034 /* Mascarad */,
				23D20C152740490200927034 /* Products */,
			);
			sourceTree = "<group>";
		};
		23D20C152740490200927034 /* Products */ = {
			isa = PBXGroup;
			children = (
				23D20C142740490200927034 /* Mascarad.app */,
			);
			name = Products;
			sourceTree = "<group>";
		};
		23D20C162740490200927034 /* Mascarad */ = {
			isa = PBXGroup;
			children = (
				23D20C312740521300927034 /* Storyboards */,
				23D20C322740523E00927034 /* ViewControllers */,
				23D20C30274051CA00927034 /* Models */,
				23D20C35274052FA00927034 /* Services */,
				23D20C362740534100927034 /* Resources */,
				23D20C372740538400927034 /* Configs */,
				23D20C202740490200927034 /* Mascarad.xcdatamodeld */,
			);
			path = Mascarad;
			sourceTree = "<group>";
		};
		23D20C30274051CA00927034 /* Models */ = {
			isa = PBXGroup;
			children = (
				23D20C2E274051C400927034 /* Model.swift */,
			);
			path = Models;
			sourceTree = "<group>";
		};
		23D20C312740521300927034 /* Storyboards */ = {
			isa = PBXGroup;
			children = (
				23D20C1D2740490200927034 /* Main.storyboard */,
				23D20C252740490700927034 /* LaunchScreen.storyboard */,
			);
			path = Storyboards;
			sourceTree = "<group>";
		};
		23D20C322740523E00927034 /* ViewControllers */ = {
			isa = PBXGroup;
			children = (
				23A6949D274A540E0011BFCE /* WelcomeViewController.swift */,
				23E29E77274447ED0002CD7E /* TapBarViewController.swift */,
				23D20C38274055BF00927034 /* MembersTableViewController.swift */,
				23D20C3A274055E100927034 /* FullTableViewController.swift */,
			);
			path = ViewControllers;
			sourceTree = "<group>";
		};
		23D20C35274052FA00927034 /* Services */ = {
			isa = PBXGroup;
			children = (
				23D20C33274052F100927034 /* DataManager.swift */,
			);
			path = Services;
			sourceTree = "<group>";
		};
		23D20C362740534100927034 /* Resources */ = {
			isa = PBXGroup;
			children = (
				23D20C232740490700927034 /* Assets.xcassets */,
			);
			path = Resources;
			sourceTree = "<group>";
		};
		23D20C372740538400927034 /* Configs */ = {
			isa = PBXGroup;
			children = (
				23D20C172740490200927034 /* AppDelegate.swift */,
				23D20C192740490200927034 /* SceneDelegate.swift */,
				23D20C282740490700927034 /* Info.plist */,
			);
			path = Configs;
			sourceTree = "<group>";
		};
/* End PBXGroup section */

/* Begin PBXNativeTarget section */
		23D20C132740490200927034 /* Mascarad */ = {
			isa = PBXNativeTarget;
			buildConfigurationList = 23D20C2B2740490700927034 /* Build configuration list for PBXNativeTarget "Mascarad" */;
			buildPhases = (
				23D20C102740490200927034 /* Sources */,
				23D20C112740490200927034 /* Frameworks */,
				23D20C122740490200927034 /* Resources */,
			);
			buildRules = (
			);
			dependencies = (
			);
			name = Mascarad;
			productName = Mascarad;
			productReference = 23D20C142740490200927034 /* Mascarad.app */;
			productType = "com.apple.product-type.application";
		};
/* End PBXNativeTarget section */

/* Begin PBXProject section */
		23D20C0C2740490200927034 /* Project object */ = {
			isa = PBXProject;
			attributes = {
				BuildIndependentTargetsInParallel = 1;
				LastSwiftUpdateCheck = 1300;
				LastUpgradeCheck = 1300;
				TargetAttributes = {
					23D20C132740490200927034 = {
						CreatedOnToolsVersion = 13.0;
					};
				};
			};
			buildConfigurationList = 23D20C0F2740490200927034 /* Build configuration list for PBXProject "Mascarad" */;
			compatibilityVersion = "Xcode 13.0";
			developmentRegion = en;
			hasScannedForEncodings = 0;
			knownRegions = (
				en,
				Base,
			);
			mainGroup = 23D20C0B2740490200927034;
			productRefGroup = 23D20C152740490200927034 /* Products */;
			projectDirPath = "";
			projectRoot = "";
			targets = (
				23D20C132740490200927034 /* Mascarad */,
			);
		};
/* End PBXProject section */

/* Begin PBXResourcesBuildPhase section */
		23D20C122740490200927034 /* Resources */ = {
			isa = PBXResourcesBuildPhase;
			buildActionMask = 2147483647;
			files = (
				23D20C272740490700927034 /* LaunchScreen.storyboard in Resources */,
				23D20C242740490700927034 /* Assets.xcassets in Resources */,
				23D20C1F2740490200927034 /* Main.storyboard in Resources */,
			);
			runOnlyForDeploymentPostprocessing = 0;
		};
/* End PBXResourcesBuildPhase section */

/* Begin PBXSourcesBuildPhase section */
		23D20C102740490200927034 /* Sources */ = {
			isa = PBXSourcesBuildPhase;
			buildActionMask = 2147483647;
			files = (
				23D20C2F274051C400927034 /* Model.swift in Sources */,
				23A6949E274A540E0011BFCE /* WelcomeViewController.swift in Sources */,
				23D20C34274052F100927034 /* DataManager.swift in Sources */,
				23D20C3B274055E100927034 /* FullTableViewController.swift in Sources */,
				23D20C39274055BF00927034 /* MembersTableViewController.swift in Sources */,
				23D20C222740490200927034 /* Mascarad.xcdatamodeld in Sources */,
				23E29E78274447ED0002CD7E /* TapBarViewController.swift in Sources */,
				23D20C182740490200927034 /* AppDelegate.swift in Sources */,
				23E29E7A274451330002CD7E /* MaskViewController.swift in Sources */,
				23D20C1A2740490200927034 /* SceneDelegate.swift in Sources */,
			);
			runOnlyForDeploymentPostprocessing = 0;
		};
/* End PBXSourcesBuildPhase section */

/* Begin PBXVariantGroup section */
		23D20C1D2740490200927034 /* Main.storyboard */ = {
			isa = PBXVariantGroup;
			children = (
				23D20C1E2740490200927034 /* Base */,
			);
			name = Main.storyboard;
			sourceTree = "<group>";
		};
		23D20C252740490700927034 /* LaunchScreen.storyboard */ = {
			isa = PBXVariantGroup;
			children = (
				23D20C262740490700927034 /* Base */,
			);
			name = LaunchScreen.storyboard;
			sourceTree = "<group>";
		};
/* End PBXVariantGroup section */

/* Begin XCBuildConfiguration section */
		23D20C292740490700927034 /* Debug */ = {
			isa = XCBuildConfiguration;
			buildSettings = {
				ALWAYS_SEARCH_USER_PATHS = NO;
				CLANG_ANALYZER_NONNULL = YES;
				CLANG_ANALYZER_NUMBER_OBJECT_CONVERSION = YES_AGGRESSIVE;
				CLANG_CXX_LANGUAGE_STANDARD = "gnu++17";
				CLANG_CXX_LIBRARY = "libc++";
				CLANG_ENABLE_MODULES = YES;
				CLANG_ENABLE_OBJC_ARC = YES;
				CLANG_ENABLE_OBJC_WEAK = YES;
				CLANG_WARN_BLOCK_CAPTURE_AUTORELEASING = YES;
				CLANG_WARN_BOOL_CONVERSION = YES;
				CLANG_WARN_COMMA = YES;
				CLANG_WARN_CONSTANT_CONVERSION = YES;
				CLANG_WARN_DEPRECATED_OBJC_IMPLEMENTATIONS = YES;
				CLANG_WARN_DIRECT_OBJC_ISA_USAGE = YES_ERROR;
				CLANG_WARN_DOCUMENTATION_COMMENTS = YES;
				CLANG_WARN_EMPTY_BODY = YES;
				CLANG_WARN_ENUM_CONVERSION = YES;
				CLANG_WARN_INFINITE_RECURSION = YES;
				CLANG_WARN_INT_CONVERSION = YES;
				CLANG_WARN_NON_LITERAL_NULL_CONVERSION = YES;
				CLANG_WARN_OBJC_IMPLICIT_RETAIN_SELF = YES;
				CLANG_WARN_OBJC_LITERAL_CONVERSION = YES;
				CLANG_WARN_OBJC_ROOT_CLASS = YES_ERROR;
				CLANG_WARN_QUOTED_INCLUDE_IN_FRAMEWORK_HEADER = YES;
				CLANG_WARN_RANGE_LOOP_ANALYSIS = YES;
				CLANG_WARN_STRICT_PROTOTYPES = YES;
				CLANG_WARN_SUSPICIOUS_MOVE = YES;
				CLANG_WARN_UNGUARDED_AVAILABILITY = YES_AGGRESSIVE;
				CLANG_WARN_UNREACHABLE_CODE = YES;
				CLANG_WARN__DUPLICATE_METHOD_MATCH = YES;
				COPY_PHASE_STRIP = NO;
				DEBUG_INFORMATION_FORMAT = dwarf;
				ENABLE_STRICT_OBJC_MSGSEND = YES;
				ENABLE_TESTABILITY = YES;
				GCC_C_LANGUAGE_STANDARD = gnu11;
				GCC_DYNAMIC_NO_PIC = NO;
				GCC_NO_COMMON_BLOCKS = YES;
				GCC_OPTIMIZATION_LEVEL = 0;
				GCC_PREPROCESSOR_DEFINITIONS = (
					"DEBUG=1",
					"$(inherited)",
				);
				GCC_WARN_64_TO_32_BIT_CONVERSION = YES;
				GCC_WARN_ABOUT_RETURN_TYPE = YES_ERROR;
				GCC_WARN_UNDECLARED_SELECTOR = YES;
				GCC_WARN_UNINITIALIZED_AUTOS = YES_AGGRESSIVE;
				GCC_WARN_UNUSED_FUNCTION = YES;
				GCC_WARN_UNUSED_VARIABLE = YES;
				IPHONEOS_DEPLOYMENT_TARGET = 15.0;
				MTL_ENABLE_DEBUG_INFO = INCLUDE_SOURCE;
				MTL_FAST_MATH = YES;
				ONLY_ACTIVE_ARCH = YES;
				SDKROOT = iphoneos;
				SWIFT_ACTIVE_COMPILATION_CONDITIONS = DEBUG;
				SWIFT_OPTIMIZATION_LEVEL = "-Onone";
			};
			name = Debug;
		};
		23D20C2A2740490700927034 /* Release */ = {
			isa = XCBuildConfiguration;
			buildSettings = {
				ALWAYS_SEARCH_USER_PATHS = NO;
				CLANG_ANALYZER_NONNULL = YES;
				CLANG_ANALYZER_NUMBER_OBJECT_CONVERSION = YES_AGGRESSIVE;
				CLANG_CXX_LANGUAGE_STANDARD = "gnu++17";
				CLANG_CXX_LIBRARY = "libc++";
				CLANG_ENABLE_MODULES = YES;
				CLANG_ENABLE_OBJC_ARC = YES;
				CLANG_ENABLE_OBJC_WEAK = YES;
				CLANG_WARN_BLOCK_CAPTURE_AUTORELEASING = YES;
				CLANG_WARN_BOOL_CONVERSION = YES;
				CLANG_WARN_COMMA = YES;
				CLANG_WARN_CONSTANT_CONVERSION = YES;
				CLANG_WARN_DEPRECATED_OBJC_IMPLEMENTATIONS = YES;
				CLANG_WARN_DIRECT_OBJC_ISA_USAGE = YES_ERROR;
				CLANG_WARN_DOCUMENTATION_COMMENTS = YES;
				CLANG_WARN_EMPTY_BODY = YES;
				CLANG_WARN_ENUM_CONVERSION = YES;
				CLANG_WARN_INFINITE_RECURSION = YES;
				CLANG_WARN_INT_CONVERSION = YES;
				CLANG_WARN_NON_LITERAL_NULL_CONVERSION = YES;
				CLANG_WARN_OBJC_IMPLICIT_RETAIN_SELF = YES;
				CLANG_WARN_OBJC_LITERAL_CONVERSION = YES;
				CLANG_WARN_OBJC_ROOT_CLASS = YES_ERROR;
				CLANG_WARN_QUOTED_INCLUDE_IN_FRAMEWORK_HEADER = YES;
				CLANG_WARN_RANGE_LOOP_ANALYSIS = YES;
				CLANG_WARN_STRICT_PROTOTYPES = YES;
				CLANG_WARN_SUSPICIOUS_MOVE = YES;
				CLANG_WARN_UNGUARDED_AVAILABILITY = YES_AGGRESSIVE;
				CLANG_WARN_UNREACHABLE_CODE = YES;
				CLANG_WARN__DUPLICATE_METHOD_MATCH = YES;
				COPY_PHASE_STRIP = NO;
				DEBUG_INFORMATION_FORMAT = "dwarf-with-dsym";
				ENABLE_NS_ASSERTIONS = NO;
				ENABLE_STRICT_OBJC_MSGSEND = YES;
				GCC_C_LANGUAGE_STANDARD = gnu11;
				GCC_NO_COMMON_BLOCKS = YES;
				GCC_WARN_64_TO_32_BIT_CONVERSION = YES;
				GCC_WARN_ABOUT_RETURN_TYPE = YES_ERROR;
				GCC_WARN_UNDECLARED_SELECTOR = YES;
				GCC_WARN_UNINITIALIZED_AUTOS = YES_AGGRESSIVE;
				GCC_WARN_UNUSED_FUNCTION = YES;
				GCC_WARN_UNUSED_VARIABLE = YES;
				IPHONEOS_DEPLOYMENT_TARGET = 15.0;
				MTL_ENABLE_DEBUG_INFO = NO;
				MTL_FAST_MATH = YES;
				SDKROOT = iphoneos;
				SWIFT_COMPILATION_MODE = wholemodule;
				SWIFT_OPTIMIZATION_LEVEL = "-O";
				VALIDATE_PRODUCT = YES;
			};
			name = Release;
		};
		23D20C2C2740490700927034 /* Debug */ = {
			isa = XCBuildConfiguration;
			buildSettings = {
				ASSETCATALOG_COMPILER_APPICON_NAME = AppIcon;
				ASSETCATALOG_COMPILER_GLOBAL_ACCENT_COLOR_NAME = AccentColor;
				CODE_SIGN_STYLE = Automatic;
				CURRENT_PROJECT_VERSION = 1;
				DEVELOPMENT_TEAM = P529959SPU;
				GENERATE_INFOPLIST_FILE = YES;
				INFOPLIST_FILE = Mascarad/Configs/Info.plist;
				INFOPLIST_KEY_UIApplicationSupportsIndirectInputEvents = YES;
				INFOPLIST_KEY_UILaunchStoryboardName = LaunchScreen;
				INFOPLIST_KEY_UIMainStoryboardFile = Main;
				INFOPLIST_KEY_UISupportedInterfaceOrientations_iPad = "UIInterfaceOrientationPortrait UIInterfaceOrientationPortraitUpsideDown UIInterfaceOrientationLandscapeLeft UIInterfaceOrientationLandscapeRight";
				INFOPLIST_KEY_UISupportedInterfaceOrientations_iPhone = "UIInterfaceOrientationPortrait UIInterfaceOrientationLandscapeLeft UIInterfaceOrientationLandscapeRight";
				LD_RUNPATH_SEARCH_PATHS = (
					"$(inherited)",
					"@executable_path/Frameworks",
				);
				MARKETING_VERSION = 1.0;
				PRODUCT_BUNDLE_IDENTIFIER = com.kruizo69.Mascarad;
				PRODUCT_NAME = "$(TARGET_NAME)";
				SWIFT_EMIT_LOC_STRINGS = YES;
				SWIFT_VERSION = 5.0;
				TARGETED_DEVICE_FAMILY = 1;
			};
			name = Debug;
		};
		23D20C2D2740490700927034 /* Release */ = {
			isa = XCBuildConfiguration;
			buildSettings = {
				ASSETCATALOG_COMPILER_APPICON_NAME = AppIcon;
				ASSETCATALOG_COMPILER_GLOBAL_ACCENT_COLOR_NAME = AccentColor;
				CODE_SIGN_STYLE = Automatic;
				CURRENT_PROJECT_VERSION = 1;
				DEVELOPMENT_TEAM = P529959SPU;
				GENERATE_INFOPLIST_FILE = YES;
				INFOPLIST_FILE = Mascarad/Configs/Info.plist;
				INFOPLIST_KEY_UIApplicationSupportsIndirectInputEvents = YES;
				INFOPLIST_KEY_UILaunchStoryboardName = LaunchScreen;
				INFOPLIST_KEY_UIMainStoryboardFile = Main;
				INFOPLIST_KEY_UISupportedInterfaceOrientations_iPad = "UIInterfaceOrientationPortrait UIInterfaceOrientationPortraitUpsideDown UIInterfaceOrientationLandscapeLeft UIInterfaceOrientationLandscapeRight";
				INFOPLIST_KEY_UISupportedInterfaceOrientations_iPhone = "UIInterfaceOrientationPortrait UIInterfaceOrientationLandscapeLeft UIInterfaceOrientationLandscapeRight";
				LD_RUNPATH_SEARCH_PATHS = (
					"$(inherited)",
					"@executable_path/Frameworks",
				);
				MARKETING_VERSION = 1.0;
				PRODUCT_BUNDLE_IDENTIFIER = com.kruizo69.Mascarad;
				PRODUCT_NAME = "$(TARGET_NAME)";
				SWIFT_EMIT_LOC_STRINGS = YES;
				SWIFT_VERSION = 5.0;
				TARGETED_DEVICE_FAMILY = 1;
			};
			name = Release;
		};
/* End XCBuildConfiguration section */

/* Begin XCConfigurationList section */
		23D20C0F2740490200927034 /* Build configuration list for PBXProject "Mascarad" */ = {
			isa = XCConfigurationList;
			buildConfigurations = (
				23D20C292740490700927034 /* Debug */,
				23D20C2A2740490700927034 /* Release */,
			);
			defaultConfigurationIsVisible = 0;
			defaultConfigurationName = Release;
		};
		23D20C2B2740490700927034 /* Build configuration list for PBXNativeTarget "Mascarad" */ = {
			isa = XCConfigurationList;
			buildConfigurations = (
				23D20C2C2740490700927034 /* Debug */,
				23D20C2D2740490700927034 /* Release */,
			);
			defaultConfigurationIsVisible = 0;
			defaultConfigurationName = Release;
		};
/* End XCConfigurationList section */

/* Begin XCVersionGroup section */
		23D20C202740490200927034 /* Mascarad.xcdatamodeld */ = {
			isa = XCVersionGroup;
			children = (
				23D20C212740490200927034 /* Mascarad.xcdatamodel */,
			);
			currentVersion = 23D20C212740490200927034 /* Mascarad.xcdatamodel */;
			path = Mascarad.xcdatamodeld;
			sourceTree = "<group>";
			versionGroupType = wrapper.xcdatamodel;
		};
/* End XCVersionGroup section */
	};
	rootObject = 23D20C0C2740490200927034 /* Project object */;
}
